
Microsoft Visual Studio Solution File, Format Version 12.00
# Visual Studio Version 16
VisualStudioVersion = 16.0.29709.97
MinimumVisualStudioVersion = 10.0.40219.1
Project("{FAE04EC0-301F-11D3-BF4B-00C04F79EFBC}") = "DomianEventDemo", "DomianEventDemo\DomianEventDemo.csproj", "{E41DBAD7-7C65-4801-8154-BDE1BF8B1343}"
EndProject
Project("{FAE04EC0-301F-11D3-BF4B-00C04F79EFBC}") = "ConsoleApp1", "ConsoleApp1\ConsoleApp1.csproj", "{E353F68D-62C0-4930-BE32-C241831A90B4}"
EndProject
Global
	GlobalSection(SolutionConfigurationPlatforms) = preSolution
		Debug|Any CPU = Debug|Any CPU
		Release|Any CPU = Release|Any CPU
	EndGlobalSection
	GlobalSection(ProjectConfigurationPlatforms) = postSolution
		{E41DBAD7-7C65-4801-8154-BDE1BF8B1343}.Debug|Any CPU.ActiveCfg = Debug|Any CPU
		{E41DBAD7-7C65-4801-8154-BDE1BF8B1343}.Debug|Any CPU.Build.0 = Debug|Any CPU
		{E41DBAD7-7C65-4801-8154-BDE1BF8B1343}.Release|Any CPU.ActiveCfg = Release|Any CPU
		{E41DBAD7-7C65-4801-8154-BDE1BF8B1343}.Release|Any CPU.Build.0 = Release|Any CPU
		{E353F68D-62C0-4930-BE32-C241831A90B4}.Debug|Any CPU.ActiveCfg = Debug|Any CPU
		{E353F68D-62C0-4930-BE32-C241831A90B4}.Debug|Any CPU.Build.0 = Debug|Any CPU
		{E353F68D-62C0-4930-BE32-C241831A90B4}.Release|Any CPU.ActiveCfg = Release|Any CPU
		{E353F68D-62C0-4930-BE32-C241831A90B4}.Release|Any CPU.Build.0 = Release|Any CPU
	EndGlobalSection
	GlobalSection(SolutionProperties) = preSolution
		HideSolutionNode = FALSE
	EndGlobalSection
	GlobalSection(ExtensibilityGlobals) = postSolution
		SolutionGuid = {669FD2EB-D5F6-4BC3-90D1-B7352F540399}
	EndGlobalSection
EndGlobal
