
Microsoft Visual Studio Solution File, Format Version 12.00
# Visual Studio Version 16
VisualStudioVersion = 16.0.29709.97
MinimumVisualStudioVersion = 10.0.40219.1
Project("{9A19103F-16F7-4668-BE54-9A1E7A4F7556}") = "ConsoleApp1", "ConsoleApp1\ConsoleApp1.csproj", "{E353F68D-62C0-4930-BE32-C241831A90B4}"
EndProject
Project("{9A19103F-16F7-4668-BE54-9A1E7A4F7556}") = "DomainEventDemo", "DomainEventDemo\DomainEventDemo.csproj", "{CE0EBA0A-5678-4C08-8FD0-2D420C241658}"
EndProject
Global
	GlobalSection(SolutionConfigurationPlatforms) = preSolution
		Debug|Any CPU = Debug|Any CPU
		Release|Any CPU = Release|Any CPU
	EndGlobalSection
	GlobalSection(ProjectConfigurationPlatforms) = postSolution
		{E353F68D-62C0-4930-BE32-C241831A90B4}.Debug|Any CPU.ActiveCfg = Debug|Any CPU
		{E353F68D-62C0-4930-BE32-C241831A90B4}.Debug|Any CPU.Build.0 = Debug|Any CPU
		{E353F68D-62C0-4930-BE32-C241831A90B4}.Release|Any CPU.ActiveCfg = Release|Any CPU
		{E353F68D-62C0-4930-BE32-C241831A90B4}.Release|Any CPU.Build.0 = Release|Any CPU
		{CE0EBA0A-5678-4C08-8FD0-2D420C241658}.Debug|Any CPU.ActiveCfg = Debug|Any CPU
		{CE0EBA0A-5678-4C08-8FD0-2D420C241658}.Debug|Any CPU.Build.0 = Debug|Any CPU
		{CE0EBA0A-5678-4C08-8FD0-2D420C241658}.Release|Any CPU.ActiveCfg = Release|Any CPU
		{CE0EBA0A-5678-4C08-8FD0-2D420C241658}.Release|Any CPU.Build.0 = Release|Any CPU
	EndGlobalSection
	GlobalSection(SolutionProperties) = preSolution
		HideSolutionNode = FALSE
	EndGlobalSection
	GlobalSection(ExtensibilityGlobals) = postSolution
		SolutionGuid = {669FD2EB-D5F6-4BC3-90D1-B7352F540399}
	EndGlobalSection
EndGlobal
